
Microsoft Visual Studio Solution File, Format Version 12.00
# Visual Studio Version 16
VisualStudioVersion = 16.0.31624.102
MinimumVisualStudioVersion = 10.0.40219.1
Project("{FAE04EC0-301F-11D3-BF4B-00C04F79EFBC}") = "WebApplication23", "WebApplication23\WebApplication23.csproj", "{275D7675-59B3-438F-8CDB-995C896BBB78}"
EndProject
Global
	GlobalSection(SolutionConfigurationPlatforms) = preSolution
		Debug|Any CPU = Debug|Any CPU
		Release|Any CPU = Release|Any CPU
	EndGlobalSection
	GlobalSection(ProjectConfigurationPlatforms) = postSolution
		{275D7675-59B3-438F-8CDB-995C896BBB78}.Debug|Any CPU.ActiveCfg = Debug|Any CPU
		{275D7675-59B3-438F-8CDB-995C896BBB78}.Debug|Any CPU.Build.0 = Debug|Any CPU
		{275D7675-59B3-438F-8CDB-995C896BBB78}.Release|Any CPU.ActiveCfg = Release|Any CPU
		{275D7675-59B3-438F-8CDB-995C896BBB78}.Release|Any CPU.Build.0 = Release|Any CPU
	EndGlobalSection
	GlobalSection(SolutionProperties) = preSolution
		HideSolutionNode = FALSE
	EndGlobalSection
	GlobalSection(ExtensibilityGlobals) = postSolution
		SolutionGuid = {1A411DBF-7E73-435C-A0B6-D06E4BD68CFB}
	EndGlobalSection
EndGlobal
